
Microsoft Visual Studio Solution File, Format Version 12.00
# Visual Studio Version 16
VisualStudioVersion = 16.0.31321.278
MinimumVisualStudioVersion = 10.0.40219.1
Project("{FAE04EC0-301F-11D3-BF4B-00C04F79EFBC}") = "CardVaiVoa", "CardVaiVoa\CardVaiVoa.csproj", "{C08E0290-64C0-44A2-AF6E-02E2A67ED7F7}"
EndProject
Global
	GlobalSection(SolutionConfigurationPlatforms) = preSolution
		Debug|Any CPU = Debug|Any CPU
		Release|Any CPU = Release|Any CPU
	EndGlobalSection
	GlobalSection(ProjectConfigurationPlatforms) = postSolution
		{C08E0290-64C0-44A2-AF6E-02E2A67ED7F7}.Debug|Any CPU.ActiveCfg = Debug|Any CPU
		{C08E0290-64C0-44A2-AF6E-02E2A67ED7F7}.Debug|Any CPU.Build.0 = Debug|Any CPU
		{C08E0290-64C0-44A2-AF6E-02E2A67ED7F7}.Release|Any CPU.ActiveCfg = Release|Any CPU
		{C08E0290-64C0-44A2-AF6E-02E2A67ED7F7}.Release|Any CPU.Build.0 = Release|Any CPU
	EndGlobalSection
	GlobalSection(SolutionProperties) = preSolution
		HideSolutionNode = FALSE
	EndGlobalSection
	GlobalSection(ExtensibilityGlobals) = postSolution
		SolutionGuid = {0D1B7025-CAB0-41A0-8C8A-84D50A64386B}
	EndGlobalSection
EndGlobal
